<?xml version="1.0" encoding="utf-8"?>
<Project ToolsVersion="4.0" xmlns="http://schemas.microsoft.com/developer/msbuild/2003">
  <ItemGroup>
    <Filter Include="Файлы исходного кода">
      <UniqueIdentifier>{4FC737F1-C7A5-4376-A066-2A32D752A2FF}</UniqueIdentifier>
      <Extensions>cpp;c;cc;cxx;def;odl;idl;hpj;bat;asm;asmx</Extensions>
    </Filter>
    <Filter Include="Заголовочные файлы">
      <UniqueIdentifier>{93995380-89BD-4b04-88EB-625FBE52EBFB}</UniqueIdentifier>
      <Extensions>h;hpp;hxx;hm;inl;inc;xsd</Extensions>
    </Filter>
    <Filter Include="Файлы ресурсов">
      <UniqueIdentifier>{67DA6AB6-F800-4c08-8B7A-83BB121AAD01}</UniqueIdentifier>
      <Extensions>rc;ico;cur;bmp;dlg;rc2;rct;bin;rgs;gif;jpg;jpeg;jpe;resx;tiff;tif;png;wav;mfcribbon-ms</Extensions>
    </Filter>
  </ItemGroup>
  <ItemGroup>
    <None Include="ReadMe.txt" />
    <None Include="app.ico">
      <Filter>Файлы ресурсов</Filter>
    </None>
  </ItemGroup>
  <ItemGroup>
    <ClCompile Include="MetropolHotel.cpp">
      <Filter>Файлы исходного кода</Filter>
    </ClCompile>
    <ClCompile Include="AssemblyInfo.cpp">
      <Filter>Файлы исходного кода</Filter>
    </ClCompile>
    <ClCompile Include="stdafx.cpp">
      <Filter>Файлы исходного кода</Filter>
    </ClCompile>
    <ClCompile Include="mainForm.cpp">
      <Filter>Файлы исходного кода</Filter>
    </ClCompile>
    <ClCompile Include="addBron.cpp">
      <Filter>Файлы исходного кода</Filter>
    </ClCompile>
    <ClCompile Include="addRequest.cpp">
      <Filter>Файлы исходного кода</Filter>
    </ClCompile>
    <ClCompile Include="addClient.cpp">
      <Filter>Файлы исходного кода</Filter>
    </ClCompile>
    <ClCompile Include="clientPayments.cpp">
      <Filter>Файлы исходного кода</Filter>
    </ClCompile>
    <ClCompile Include="ClientsList.cpp">
      <Filter>Файлы исходного кода</Filter>
    </ClCompile>
    <ClCompile Include="nomerType.cpp">
      <Filter>Файлы исходного кода</Filter>
    </ClCompile>
    <ClCompile Include="eatType.cpp">
      <Filter>Файлы исходного кода</Filter>
    </ClCompile>
    <ClCompile Include="nomerWork.cpp">
      <Filter>Файлы исходного кода</Filter>
    </ClCompile>
    <ClCompile Include="personal.cpp">
      <Filter>Файлы исходного кода</Filter>
    </ClCompile>
    <ClCompile Include="posluga.cpp">
      <Filter>Файлы исходного кода</Filter>
    </ClCompile>
    <ClCompile Include="ClientPosluga.cpp">
      <Filter>Файлы исходного кода</Filter>
    </ClCompile>
    <ClCompile Include="poslugaForClient.cpp">
      <Filter>Файлы исходного кода</Filter>
    </ClCompile>
    <ClCompile Include="paymentArxiv.cpp">
      <Filter>Файлы исходного кода</Filter>
    </ClCompile>
    <ClCompile Include="addRequest1.cpp">
      <Filter>Файлы исходного кода</Filter>
    </ClCompile>
    <ClCompile Include="nomerCleaning.cpp">
      <Filter>Файлы исходного кода</Filter>
    </ClCompile>
    <ClCompile Include="addWork.cpp">
      <Filter>Файлы исходного кода</Filter>
    </ClCompile>
    <ClCompile Include="debtors.cpp">
      <Filter>Файлы исходного кода</Filter>
    </ClCompile>
    <ClCompile Include="mainMenu.cpp">
      <Filter>Файлы исходного кода</Filter>
    </ClCompile>
    <ClCompile Include="LogPassword.cpp">
      <Filter>Файлы исходного кода</Filter>
    </ClCompile>
  </ItemGroup>
  <ItemGroup>
    <ClInclude Include="stdafx.h">
      <Filter>Заголовочные файлы</Filter>
    </ClInclude>
    <ClInclude Include="resource.h">
      <Filter>Заголовочные файлы</Filter>
    </ClInclude>
    <ClInclude Include="mainForm.h">
      <Filter>Заголовочные файлы</Filter>
    </ClInclude>
    <ClInclude Include="addBron.h">
      <Filter>Заголовочные файлы</Filter>
    </ClInclude>
    <ClInclude Include="addRequest.h">
      <Filter>Заголовочные файлы</Filter>
    </ClInclude>
    <ClInclude Include="addClient.h">
      <Filter>Заголовочные файлы</Filter>
    </ClInclude>
    <ClInclude Include="clientPayments.h">
      <Filter>Заголовочные файлы</Filter>
    </ClInclude>
    <ClInclude Include="ClientsList.h">
      <Filter>Заголовочные файлы</Filter>
    </ClInclude>
    <ClInclude Include="nomerType.h">
      <Filter>Заголовочные файлы</Filter>
    </ClInclude>
    <ClInclude Include="eatType.h">
      <Filter>Заголовочные файлы</Filter>
    </ClInclude>
    <ClInclude Include="nomerWork.h">
      <Filter>Заголовочные файлы</Filter>
    </ClInclude>
    <ClInclude Include="personal.h">
      <Filter>Заголовочные файлы</Filter>
    </ClInclude>
    <ClInclude Include="posluga.h">
      <Filter>Заголовочные файлы</Filter>
    </ClInclude>
    <ClInclude Include="ClientPosluga.h">
      <Filter>Заголовочные файлы</Filter>
    </ClInclude>
    <ClInclude Include="poslugaForClient.h">
      <Filter>Заголовочные файлы</Filter>
    </ClInclude>
    <ClInclude Include="paymentArxiv.h">
      <Filter>Заголовочные файлы</Filter>
    </ClInclude>
    <ClInclude Include="addRequest1.h">
      <Filter>Заголовочные файлы</Filter>
    </ClInclude>
    <ClInclude Include="nomerCleaning.h">
      <Filter>Заголовочные файлы</Filter>
    </ClInclude>
    <ClInclude Include="addWork.h">
      <Filter>Заголовочные файлы</Filter>
    </ClInclude>
    <ClInclude Include="debtors.h">
      <Filter>Заголовочные файлы</Filter>
    </ClInclude>
    <ClInclude Include="mainMenu.h">
      <Filter>Заголовочные файлы</Filter>
    </ClInclude>
    <ClInclude Include="LogPassword.h">
      <Filter>Заголовочные файлы</Filter>
    </ClInclude>
  </ItemGroup>
  <ItemGroup>
    <ResourceCompile Include="app.rc">
      <Filter>Файлы ресурсов</Filter>
    </ResourceCompile>
  </ItemGroup>
  <ItemGroup>
    <EmbeddedResource Include="addBron.resx">
      <Filter>Файлы ресурсов</Filter>
    </EmbeddedResource>
    <EmbeddedResource Include="addClient.resx">
      <Filter>Файлы ресурсов</Filter>
    </EmbeddedResource>
    <EmbeddedResource Include="addRequest.resx">
      <Filter>Файлы ресурсов</Filter>
    </EmbeddedResource>
    <EmbeddedResource Include="mainForm.resx">
      <Filter>Файлы ресурсов</Filter>
    </EmbeddedResource>
    <EmbeddedResource Include="clientPayments.resx">
      <Filter>Файлы ресурсов</Filter>
    </EmbeddedResource>
    <EmbeddedResource Include="ClientsList.resx">
      <Filter>Файлы ресурсов</Filter>
    </EmbeddedResource>
    <EmbeddedResource Include="nomerType.resx">
      <Filter>Файлы ресурсов</Filter>
    </EmbeddedResource>
    <EmbeddedResource Include="eatType.resx">
      <Filter>Файлы ресурсов</Filter>
    </EmbeddedResource>
    <EmbeddedResource Include="nomerWork.resx">
      <Filter>Файлы ресурсов</Filter>
    </EmbeddedResource>
    <EmbeddedResource Include="personal.resx">
      <Filter>Файлы ресурсов</Filter>
    </EmbeddedResource>
    <EmbeddedResource Include="posluga.resx">
      <Filter>Файлы ресурсов</Filter>
    </EmbeddedResource>
    <EmbeddedResource Include="ClientPosluga.resx">
      <Filter>Файлы ресурсов</Filter>
    </EmbeddedResource>
    <EmbeddedResource Include="paymentArxiv.resx">
      <Filter>Файлы ресурсов</Filter>
    </EmbeddedResource>
    <EmbeddedResource Include="poslugaForClient.resx">
      <Filter>Файлы ресурсов</Filter>
    </EmbeddedResource>
    <EmbeddedResource Include="addRequest1.resx">
      <Filter>Файлы ресурсов</Filter>
    </EmbeddedResource>
    <EmbeddedResource Include="nomerCleaning.resx">
      <Filter>Файлы ресурсов</Filter>
    </EmbeddedResource>
    <EmbeddedResource Include="addWork.resx">
      <Filter>Файлы ресурсов</Filter>
    </EmbeddedResource>
    <EmbeddedResource Include="debtors.resx">
      <Filter>Файлы ресурсов</Filter>
    </EmbeddedResource>
    <EmbeddedResource Include="mainMenu.resx">
      <Filter>Файлы ресурсов</Filter>
    </EmbeddedResource>
  </ItemGroup>
</Project>